<Solution>
  <Project Path="ExpenseTracker.Api/ExpenseTracker.Api.csproj" />
  <Project Path="ExpenseTracker.Application/ExpenseTracker.Application.csproj" />
  <Project Path="ExpenseTracker.Domain/ExpenseTracker.Domain.csproj" />
  <Project Path="ExpenseTracker.Infrastructure/ExpenseTracker.Infrastructure.csproj" />
</Solution>
